// !$*UTF8*$!
{
	archiveVersion = 1;
	classes = {
	};
	objectVersion = 56;
	objects = {

/* Begin PBXBuildFile section */
		D7215D1629E1827D0089A5ED /* MenuItem.swift in Sources */ = {isa = PBXBuildFile; fileRef = D7215D1529E1827D0089A5ED /* MenuItem.swift */; };
		D73ECF3F29E2B6BA00E84520 /* MarkdownUI in Frameworks */ = {isa = PBXBuildFile; productRef = D73ECF3E29E2B6BA00E84520 /* MarkdownUI */; };
		D73ECF4129E2CEA900E84520 /* NSTextView+Extension.swift in Sources */ = {isa = PBXBuildFile; fileRef = D73ECF4029E2CEA900E84520 /* NSTextView+Extension.swift */; };
		D791C5F129E155A1000B6226 /* Simple_ChatGPT_ClientApp.swift in Sources */ = {isa = PBXBuildFile; fileRef = D791C5F029E155A1000B6226 /* Simple_ChatGPT_ClientApp.swift */; };
		D791C5F329E155A1000B6226 /* ContentView.swift in Sources */ = {isa = PBXBuildFile; fileRef = D791C5F229E155A1000B6226 /* ContentView.swift */; };
		D791C5F529E155A2000B6226 /* Assets.xcassets in Resources */ = {isa = PBXBuildFile; fileRef = D791C5F429E155A2000B6226 /* Assets.xcassets */; };
		D791C5F929E155A2000B6226 /* Preview Assets.xcassets in Resources */ = {isa = PBXBuildFile; fileRef = D791C5F829E155A2000B6226 /* Preview Assets.xcassets */; };
		D791C60129E1560E000B6226 /* HistoryMenuItemView.swift in Sources */ = {isa = PBXBuildFile; fileRef = D791C60029E1560E000B6226 /* HistoryMenuItemView.swift */; };
		D791C60329E15798000B6226 /* ChatView.swift in Sources */ = {isa = PBXBuildFile; fileRef = D791C60229E15798000B6226 /* ChatView.swift */; };
		D791C60629E157F0000B6226 /* OpenAISwift in Frameworks */ = {isa = PBXBuildFile; productRef = D791C60529E157F0000B6226 /* OpenAISwift */; };
		D791C60929E1580B000B6226 /* OpenAIAPIClient.swift in Sources */ = {isa = PBXBuildFile; fileRef = D791C60829E1580B000B6226 /* OpenAIAPIClient.swift */; };
		D791C60C29E15A06000B6226 /* ChatViewModel.swift in Sources */ = {isa = PBXBuildFile; fileRef = D791C60B29E15A06000B6226 /* ChatViewModel.swift */; };
		D791C60F29E15F3D000B6226 /* ChatHistoryStore.swift in Sources */ = {isa = PBXBuildFile; fileRef = D791C60E29E15F3D000B6226 /* ChatHistoryStore.swift */; };
		D791C61129E15FCE000B6226 /* ChatHistoryViewModel.swift in Sources */ = {isa = PBXBuildFile; fileRef = D791C61029E15FCE000B6226 /* ChatHistoryViewModel.swift */; };
/* End PBXBuildFile section */

/* Begin PBXFileReference section */
		D7215D1529E1827D0089A5ED /* MenuItem.swift */ = {isa = PBXFileReference; lastKnownFileType = sourcecode.swift; path = MenuItem.swift; sourceTree = "<group>"; };
		D73ECF4029E2CEA900E84520 /* NSTextView+Extension.swift */ = {isa = PBXFileReference; lastKnownFileType = sourcecode.swift; path = "NSTextView+Extension.swift"; sourceTree = "<group>"; };
		D791C5ED29E155A1000B6226 /* Simple-ChatGPT-Client.app */ = {isa = PBXFileReference; explicitFileType = wrapper.application; includeInIndex = 0; path = "Simple-ChatGPT-Client.app"; sourceTree = BUILT_PRODUCTS_DIR; };
		D791C5F029E155A1000B6226 /* Simple_ChatGPT_ClientApp.swift */ = {isa = PBXFileReference; lastKnownFileType = sourcecode.swift; path = Simple_ChatGPT_ClientApp.swift; sourceTree = "<group>"; };
		D791C5F229E155A1000B6226 /* ContentView.swift */ = {isa = PBXFileReference; lastKnownFileType = sourcecode.swift; path = ContentView.swift; sourceTree = "<group>"; };
		D791C5F429E155A2000B6226 /* Assets.xcassets */ = {isa = PBXFileReference; lastKnownFileType = folder.assetcatalog; path = Assets.xcassets; sourceTree = "<group>"; };
		D791C5F629E155A2000B6226 /* Simple_ChatGPT_Client.entitlements */ = {isa = PBXFileReference; lastKnownFileType = text.plist.entitlements; path = Simple_ChatGPT_Client.entitlements; sourceTree = "<group>"; };
		D791C5F829E155A2000B6226 /* Preview Assets.xcassets */ = {isa = PBXFileReference; lastKnownFileType = folder.assetcatalog; path = "Preview Assets.xcassets"; sourceTree = "<group>"; };
		D791C60029E1560E000B6226 /* HistoryMenuItemView.swift */ = {isa = PBXFileReference; lastKnownFileType = sourcecode.swift; path = HistoryMenuItemView.swift; sourceTree = "<group>"; };
		D791C60229E15798000B6226 /* ChatView.swift */ = {isa = PBXFileReference; lastKnownFileType = sourcecode.swift; path = ChatView.swift; sourceTree = "<group>"; };
		D791C60829E1580B000B6226 /* OpenAIAPIClient.swift */ = {isa = PBXFileReference; lastKnownFileType = sourcecode.swift; path = OpenAIAPIClient.swift; sourceTree = "<group>"; };
		D791C60B29E15A06000B6226 /* ChatViewModel.swift */ = {isa = PBXFileReference; lastKnownFileType = sourcecode.swift; path = ChatViewModel.swift; sourceTree = "<group>"; };
		D791C60E29E15F3D000B6226 /* ChatHistoryStore.swift */ = {isa = PBXFileReference; lastKnownFileType = sourcecode.swift; path = ChatHistoryStore.swift; sourceTree = "<group>"; };
		D791C61029E15FCE000B6226 /* ChatHistoryViewModel.swift */ = {isa = PBXFileReference; lastKnownFileType = sourcecode.swift; path = ChatHistoryViewModel.swift; sourceTree = "<group>"; };
/* End PBXFileReference section */

/* Begin PBXFrameworksBuildPhase section */
		D791C5EA29E155A1000B6226 /* Frameworks */ = {
			isa = PBXFrameworksBuildPhase;
			buildActionMask = 2147483647;
			files = (
				D791C60629E157F0000B6226 /* OpenAISwift in Frameworks */,
				D73ECF3F29E2B6BA00E84520 /* MarkdownUI in Frameworks */,
			);
			runOnlyForDeploymentPostprocessing = 0;
		};
/* End PBXFrameworksBuildPhase section */

/* Begin PBXGroup section */
		D7215D1429E182730089A5ED /* Models */ = {
			isa = PBXGroup;
			children = (
				D7215D1529E1827D0089A5ED /* MenuItem.swift */,
			);
			path = Models;
			sourceTree = "<group>";
		};
		D7215D1729E187960089A5ED /* Extensions */ = {
			isa = PBXGroup;
			children = (
				D73ECF4029E2CEA900E84520 /* NSTextView+Extension.swift */,
			);
			path = Extensions;
			sourceTree = "<group>";
		};
		D791C5E429E155A1000B6226 = {
			isa = PBXGroup;
			children = (
				D791C5EF29E155A1000B6226 /* Simple-ChatGPT-Client */,
				D791C5EE29E155A1000B6226 /* Products */,
			);
			sourceTree = "<group>";
		};
		D791C5EE29E155A1000B6226 /* Products */ = {
			isa = PBXGroup;
			children = (
				D791C5ED29E155A1000B6226 /* Simple-ChatGPT-Client.app */,
			);
			name = Products;
			sourceTree = "<group>";
		};
		D791C5EF29E155A1000B6226 /* Simple-ChatGPT-Client */ = {
			isa = PBXGroup;
			children = (
				D7215D1729E187960089A5ED /* Extensions */,
				D7215D1429E182730089A5ED /* Models */,
				D791C60D29E15F2F000B6226 /* Storage */,
				D791C60A29E159F8000B6226 /* ViewModels */,
				D791C60729E157FD000B6226 /* API */,
				D791C5FF29E155F7000B6226 /* Views */,
				D791C5F029E155A1000B6226 /* Simple_ChatGPT_ClientApp.swift */,
				D791C5F229E155A1000B6226 /* ContentView.swift */,
				D791C5F429E155A2000B6226 /* Assets.xcassets */,
				D791C5F629E155A2000B6226 /* Simple_ChatGPT_Client.entitlements */,
				D791C5F729E155A2000B6226 /* Preview Content */,
			);
			path = "Simple-ChatGPT-Client";
			sourceTree = "<group>";
		};
		D791C5F729E155A2000B6226 /* Preview Content */ = {
			isa = PBXGroup;
			children = (
				D791C5F829E155A2000B6226 /* Preview Assets.xcassets */,
			);
			path = "Preview Content";
			sourceTree = "<group>";
		};
		D791C5FF29E155F7000B6226 /* Views */ = {
			isa = PBXGroup;
			children = (
				D791C60029E1560E000B6226 /* HistoryMenuItemView.swift */,
				D791C60229E15798000B6226 /* ChatView.swift */,
			);
			path = Views;
			sourceTree = "<group>";
		};
		D791C60729E157FD000B6226 /* API */ = {
			isa = PBXGroup;
			children = (
				D791C60829E1580B000B6226 /* OpenAIAPIClient.swift */,
			);
			path = API;
			sourceTree = "<group>";
		};
		D791C60A29E159F8000B6226 /* ViewModels */ = {
			isa = PBXGroup;
			children = (
				D791C61029E15FCE000B6226 /* ChatHistoryViewModel.swift */,
				D791C60B29E15A06000B6226 /* ChatViewModel.swift */,
			);
			path = ViewModels;
			sourceTree = "<group>";
		};
		D791C60D29E15F2F000B6226 /* Storage */ = {
			isa = PBXGroup;
			children = (
				D791C60E29E15F3D000B6226 /* ChatHistoryStore.swift */,
			);
			path = Storage;
			sourceTree = "<group>";
		};
/* End PBXGroup section */

/* Begin PBXNativeTarget section */
		D791C5EC29E155A1000B6226 /* Simple-ChatGPT-Client */ = {
			isa = PBXNativeTarget;
			buildConfigurationList = D791C5FC29E155A2000B6226 /* Build configuration list for PBXNativeTarget "Simple-ChatGPT-Client" */;
			buildPhases = (
				D791C5E929E155A1000B6226 /* Sources */,
				D791C5EA29E155A1000B6226 /* Frameworks */,
				D791C5EB29E155A1000B6226 /* Resources */,
			);
			buildRules = (
			);
			dependencies = (
			);
			name = "Simple-ChatGPT-Client";
			packageProductDependencies = (
				D791C60529E157F0000B6226 /* OpenAISwift */,
				D73ECF3E29E2B6BA00E84520 /* MarkdownUI */,
			);
			productName = "Simple-ChatGPT-Client";
			productReference = D791C5ED29E155A1000B6226 /* Simple-ChatGPT-Client.app */;
			productType = "com.apple.product-type.application";
		};
/* End PBXNativeTarget section */

/* Begin PBXProject section */
		D791C5E529E155A1000B6226 /* Project object */ = {
			isa = PBXProject;
			attributes = {
				BuildIndependentTargetsInParallel = 1;
				LastSwiftUpdateCheck = 1420;
				LastUpgradeCheck = 1420;
				TargetAttributes = {
					D791C5EC29E155A1000B6226 = {
						CreatedOnToolsVersion = 14.2;
					};
				};
			};
			buildConfigurationList = D791C5E829E155A1000B6226 /* Build configuration list for PBXProject "Simple-ChatGPT-Client" */;
			compatibilityVersion = "Xcode 14.0";
			developmentRegion = en;
			hasScannedForEncodings = 0;
			knownRegions = (
				en,
				Base,
			);
			mainGroup = D791C5E429E155A1000B6226;
			packageReferences = (
				D791C60429E157F0000B6226 /* XCRemoteSwiftPackageReference "OpenAISwift" */,
				D73ECF3D29E2B6BA00E84520 /* XCRemoteSwiftPackageReference "swift-markdown-ui" */,
			);
			productRefGroup = D791C5EE29E155A1000B6226 /* Products */;
			projectDirPath = "";
			projectRoot = "";
			targets = (
				D791C5EC29E155A1000B6226 /* Simple-ChatGPT-Client */,
			);
		};
/* End PBXProject section */

/* Begin PBXResourcesBuildPhase section */
		D791C5EB29E155A1000B6226 /* Resources */ = {
			isa = PBXResourcesBuildPhase;
			buildActionMask = 2147483647;
			files = (
				D791C5F929E155A2000B6226 /* Preview Assets.xcassets in Resources */,
				D791C5F529E155A2000B6226 /* Assets.xcassets in Resources */,
			);
			runOnlyForDeploymentPostprocessing = 0;
		};
/* End PBXResourcesBuildPhase section */

/* Begin PBXSourcesBuildPhase section */
		D791C5E929E155A1000B6226 /* Sources */ = {
			isa = PBXSourcesBuildPhase;
			buildActionMask = 2147483647;
			files = (
				D73ECF4129E2CEA900E84520 /* NSTextView+Extension.swift in Sources */,
				D791C60329E15798000B6226 /* ChatView.swift in Sources */,
				D791C60129E1560E000B6226 /* HistoryMenuItemView.swift in Sources */,
				D791C5F329E155A1000B6226 /* ContentView.swift in Sources */,
				D791C61129E15FCE000B6226 /* ChatHistoryViewModel.swift in Sources */,
				D791C5F129E155A1000B6226 /* Simple_ChatGPT_ClientApp.swift in Sources */,
				D791C60C29E15A06000B6226 /* ChatViewModel.swift in Sources */,
				D7215D1629E1827D0089A5ED /* MenuItem.swift in Sources */,
				D791C60F29E15F3D000B6226 /* ChatHistoryStore.swift in Sources */,
				D791C60929E1580B000B6226 /* OpenAIAPIClient.swift in Sources */,
			);
			runOnlyForDeploymentPostprocessing = 0;
		};
/* End PBXSourcesBuildPhase section */

/* Begin XCBuildConfiguration section */
		D791C5FA29E155A2000B6226 /* Debug */ = {
			isa = XCBuildConfiguration;
			buildSettings = {
				ALWAYS_SEARCH_USER_PATHS = NO;
				CLANG_ANALYZER_NONNULL = YES;
				CLANG_ANALYZER_NUMBER_OBJECT_CONVERSION = YES_AGGRESSIVE;
				CLANG_CXX_LANGUAGE_STANDARD = "gnu++20";
				CLANG_ENABLE_MODULES = YES;
				CLANG_ENABLE_OBJC_ARC = YES;
				CLANG_ENABLE_OBJC_WEAK = YES;
				CLANG_WARN_BLOCK_CAPTURE_AUTORELEASING = YES;
				CLANG_WARN_BOOL_CONVERSION = YES;
				CLANG_WARN_COMMA = YES;
				CLANG_WARN_CONSTANT_CONVERSION = YES;
				CLANG_WARN_DEPRECATED_OBJC_IMPLEMENTATIONS = YES;
				CLANG_WARN_DIRECT_OBJC_ISA_USAGE = YES_ERROR;
				CLANG_WARN_DOCUMENTATION_COMMENTS = YES;
				CLANG_WARN_EMPTY_BODY = YES;
				CLANG_WARN_ENUM_CONVERSION = YES;
				CLANG_WARN_INFINITE_RECURSION = YES;
				CLANG_WARN_INT_CONVERSION = YES;
				CLANG_WARN_NON_LITERAL_NULL_CONVERSION = YES;
				CLANG_WARN_OBJC_IMPLICIT_RETAIN_SELF = YES;
				CLANG_WARN_OBJC_LITERAL_CONVERSION = YES;
				CLANG_WARN_OBJC_ROOT_CLASS = YES_ERROR;
				CLANG_WARN_QUOTED_INCLUDE_IN_FRAMEWORK_HEADER = YES;
				CLANG_WARN_RANGE_LOOP_ANALYSIS = YES;
				CLANG_WARN_STRICT_PROTOTYPES = YES;
				CLANG_WARN_SUSPICIOUS_MOVE = YES;
				CLANG_WARN_UNGUARDED_AVAILABILITY = YES_AGGRESSIVE;
				CLANG_WARN_UNREACHABLE_CODE = YES;
				CLANG_WARN__DUPLICATE_METHOD_MATCH = YES;
				COPY_PHASE_STRIP = NO;
				DEBUG_INFORMATION_FORMAT = dwarf;
				ENABLE_STRICT_OBJC_MSGSEND = YES;
				ENABLE_TESTABILITY = YES;
				GCC_C_LANGUAGE_STANDARD = gnu11;
				GCC_DYNAMIC_NO_PIC = NO;
				GCC_NO_COMMON_BLOCKS = YES;
				GCC_OPTIMIZATION_LEVEL = 0;
				GCC_PREPROCESSOR_DEFINITIONS = (
					"DEBUG=1",
					"$(inherited)",
				);
				GCC_WARN_64_TO_32_BIT_CONVERSION = YES;
				GCC_WARN_ABOUT_RETURN_TYPE = YES_ERROR;
				GCC_WARN_UNDECLARED_SELECTOR = YES;
				GCC_WARN_UNINITIALIZED_AUTOS = YES_AGGRESSIVE;
				GCC_WARN_UNUSED_FUNCTION = YES;
				GCC_WARN_UNUSED_VARIABLE = YES;
				MTL_ENABLE_DEBUG_INFO = INCLUDE_SOURCE;
				MTL_FAST_MATH = YES;
				ONLY_ACTIVE_ARCH = YES;
				SWIFT_ACTIVE_COMPILATION_CONDITIONS = DEBUG;
				SWIFT_OPTIMIZATION_LEVEL = "-Onone";
			};
			name = Debug;
		};
		D791C5FB29E155A2000B6226 /* Release */ = {
			isa = XCBuildConfiguration;
			buildSettings = {
				ALWAYS_SEARCH_USER_PATHS = NO;
				CLANG_ANALYZER_NONNULL = YES;
				CLANG_ANALYZER_NUMBER_OBJECT_CONVERSION = YES_AGGRESSIVE;
				CLANG_CXX_LANGUAGE_STANDARD = "gnu++20";
				CLANG_ENABLE_MODULES = YES;
				CLANG_ENABLE_OBJC_ARC = YES;
				CLANG_ENABLE_OBJC_WEAK = YES;
				CLANG_WARN_BLOCK_CAPTURE_AUTORELEASING = YES;
				CLANG_WARN_BOOL_CONVERSION = YES;
				CLANG_WARN_COMMA = YES;
				CLANG_WARN_CONSTANT_CONVERSION = YES;
				CLANG_WARN_DEPRECATED_OBJC_IMPLEMENTATIONS = YES;
				CLANG_WARN_DIRECT_OBJC_ISA_USAGE = YES_ERROR;
				CLANG_WARN_DOCUMENTATION_COMMENTS = YES;
				CLANG_WARN_EMPTY_BODY = YES;
				CLANG_WARN_ENUM_CONVERSION = YES;
				CLANG_WARN_INFINITE_RECURSION = YES;
				CLANG_WARN_INT_CONVERSION = YES;
				CLANG_WARN_NON_LITERAL_NULL_CONVERSION = YES;
				CLANG_WARN_OBJC_IMPLICIT_RETAIN_SELF = YES;
				CLANG_WARN_OBJC_LITERAL_CONVERSION = YES;
				CLANG_WARN_OBJC_ROOT_CLASS = YES_ERROR;
				CLANG_WARN_QUOTED_INCLUDE_IN_FRAMEWORK_HEADER = YES;
				CLANG_WARN_RANGE_LOOP_ANALYSIS = YES;
				CLANG_WARN_STRICT_PROTOTYPES = YES;
				CLANG_WARN_SUSPICIOUS_MOVE = YES;
				CLANG_WARN_UNGUARDED_AVAILABILITY = YES_AGGRESSIVE;
				CLANG_WARN_UNREACHABLE_CODE = YES;
				CLANG_WARN__DUPLICATE_METHOD_MATCH = YES;
				COPY_PHASE_STRIP = NO;
				DEBUG_INFORMATION_FORMAT = "dwarf-with-dsym";
				ENABLE_NS_ASSERTIONS = NO;
				ENABLE_STRICT_OBJC_MSGSEND = YES;
				GCC_C_LANGUAGE_STANDARD = gnu11;
				GCC_NO_COMMON_BLOCKS = YES;
				GCC_WARN_64_TO_32_BIT_CONVERSION = YES;
				GCC_WARN_ABOUT_RETURN_TYPE = YES_ERROR;
				GCC_WARN_UNDECLARED_SELECTOR = YES;
				GCC_WARN_UNINITIALIZED_AUTOS = YES_AGGRESSIVE;
				GCC_WARN_UNUSED_FUNCTION = YES;
				GCC_WARN_UNUSED_VARIABLE = YES;
				MTL_ENABLE_DEBUG_INFO = NO;
				MTL_FAST_MATH = YES;
				SWIFT_COMPILATION_MODE = wholemodule;
				SWIFT_OPTIMIZATION_LEVEL = "-O";
			};
			name = Release;
		};
		D791C5FD29E155A2000B6226 /* Debug */ = {
			isa = XCBuildConfiguration;
			buildSettings = {
				ASSETCATALOG_COMPILER_APPICON_NAME = AppIcon;
				ASSETCATALOG_COMPILER_GLOBAL_ACCENT_COLOR_NAME = AccentColor;
				CODE_SIGN_ENTITLEMENTS = "Simple-ChatGPT-Client/Simple_ChatGPT_Client.entitlements";
				CODE_SIGN_STYLE = Automatic;
				CURRENT_PROJECT_VERSION = 1;
				DEVELOPMENT_ASSET_PATHS = "\"Simple-ChatGPT-Client/Preview Content\"";
				DEVELOPMENT_TEAM = JP555EUNS5;
				ENABLE_HARDENED_RUNTIME = YES;
				ENABLE_PREVIEWS = YES;
				GENERATE_INFOPLIST_FILE = YES;
				INFOPLIST_KEY_CFBundleDisplayName = "Simple ChatGPT Client";
				INFOPLIST_KEY_LSApplicationCategoryType = "public.app-category.productivity";
				"INFOPLIST_KEY_UIApplicationSceneManifest_Generation[sdk=iphoneos*]" = YES;
				"INFOPLIST_KEY_UIApplicationSceneManifest_Generation[sdk=iphonesimulator*]" = YES;
				"INFOPLIST_KEY_UIApplicationSupportsIndirectInputEvents[sdk=iphoneos*]" = YES;
				"INFOPLIST_KEY_UIApplicationSupportsIndirectInputEvents[sdk=iphonesimulator*]" = YES;
				"INFOPLIST_KEY_UILaunchScreen_Generation[sdk=iphoneos*]" = YES;
				"INFOPLIST_KEY_UILaunchScreen_Generation[sdk=iphonesimulator*]" = YES;
				"INFOPLIST_KEY_UIStatusBarStyle[sdk=iphoneos*]" = UIStatusBarStyleDefault;
				"INFOPLIST_KEY_UIStatusBarStyle[sdk=iphonesimulator*]" = UIStatusBarStyleDefault;
				INFOPLIST_KEY_UISupportedInterfaceOrientations_iPad = "UIInterfaceOrientationPortrait UIInterfaceOrientationPortraitUpsideDown UIInterfaceOrientationLandscapeLeft UIInterfaceOrientationLandscapeRight";
				INFOPLIST_KEY_UISupportedInterfaceOrientations_iPhone = "UIInterfaceOrientationPortrait UIInterfaceOrientationLandscapeLeft UIInterfaceOrientationLandscapeRight";
				IPHONEOS_DEPLOYMENT_TARGET = 16.2;
				LD_RUNPATH_SEARCH_PATHS = "@executable_path/Frameworks";
				"LD_RUNPATH_SEARCH_PATHS[sdk=macosx*]" = "@executable_path/../Frameworks";
				MACOSX_DEPLOYMENT_TARGET = 13.1;
				MARKETING_VERSION = 1.1.0;
				PRODUCT_BUNDLE_IDENTIFIER = "sugiken.Simple-ChatGPT-Client";
				PRODUCT_NAME = "$(TARGET_NAME)";
				SDKROOT = auto;
				SUPPORTED_PLATFORMS = "iphoneos iphonesimulator macosx";
				SWIFT_EMIT_LOC_STRINGS = YES;
				SWIFT_VERSION = 5.0;
				TARGETED_DEVICE_FAMILY = "1,2";
			};
			name = Debug;
		};
		D791C5FE29E155A2000B6226 /* Release */ = {
			isa = XCBuildConfiguration;
			buildSettings = {
				ASSETCATALOG_COMPILER_APPICON_NAME = AppIcon;
				ASSETCATALOG_COMPILER_GLOBAL_ACCENT_COLOR_NAME = AccentColor;
				CODE_SIGN_ENTITLEMENTS = "Simple-ChatGPT-Client/Simple_ChatGPT_Client.entitlements";
				CODE_SIGN_STYLE = Automatic;
				CURRENT_PROJECT_VERSION = 1;
				DEVELOPMENT_ASSET_PATHS = "\"Simple-ChatGPT-Client/Preview Content\"";
				DEVELOPMENT_TEAM = JP555EUNS5;
				ENABLE_HARDENED_RUNTIME = YES;
				ENABLE_PREVIEWS = YES;
				GENERATE_INFOPLIST_FILE = YES;
				INFOPLIST_KEY_CFBundleDisplayName = "Simple ChatGPT Client";
				INFOPLIST_KEY_LSApplicationCategoryType = "public.app-category.productivity";
				"INFOPLIST_KEY_UIApplicationSceneManifest_Generation[sdk=iphoneos*]" = YES;
				"INFOPLIST_KEY_UIApplicationSceneManifest_Generation[sdk=iphonesimulator*]" = YES;
				"INFOPLIST_KEY_UIApplicationSupportsIndirectInputEvents[sdk=iphoneos*]" = YES;
				"INFOPLIST_KEY_UIApplicationSupportsIndirectInputEvents[sdk=iphonesimulator*]" = YES;
				"INFOPLIST_KEY_UILaunchScreen_Generation[sdk=iphoneos*]" = YES;
				"INFOPLIST_KEY_UILaunchScreen_Generation[sdk=iphonesimulator*]" = YES;
				"INFOPLIST_KEY_UIStatusBarStyle[sdk=iphoneos*]" = UIStatusBarStyleDefault;
				"INFOPLIST_KEY_UIStatusBarStyle[sdk=iphonesimulator*]" = UIStatusBarStyleDefault;
				INFOPLIST_KEY_UISupportedInterfaceOrientations_iPad = "UIInterfaceOrientationPortrait UIInterfaceOrientationPortraitUpsideDown UIInterfaceOrientationLandscapeLeft UIInterfaceOrientationLandscapeRight";
				INFOPLIST_KEY_UISupportedInterfaceOrientations_iPhone = "UIInterfaceOrientationPortrait UIInterfaceOrientationLandscapeLeft UIInterfaceOrientationLandscapeRight";
				IPHONEOS_DEPLOYMENT_TARGET = 16.2;
				LD_RUNPATH_SEARCH_PATHS = "@executable_path/Frameworks";
				"LD_RUNPATH_SEARCH_PATHS[sdk=macosx*]" = "@executable_path/../Frameworks";
				MACOSX_DEPLOYMENT_TARGET = 13.1;
				MARKETING_VERSION = 1.1.0;
				PRODUCT_BUNDLE_IDENTIFIER = "sugiken.Simple-ChatGPT-Client";
				PRODUCT_NAME = "$(TARGET_NAME)";
				SDKROOT = auto;
				SUPPORTED_PLATFORMS = "iphoneos iphonesimulator macosx";
				SWIFT_EMIT_LOC_STRINGS = YES;
				SWIFT_VERSION = 5.0;
				TARGETED_DEVICE_FAMILY = "1,2";
			};
			name = Release;
		};
/* End XCBuildConfiguration section */

/* Begin XCConfigurationList section */
		D791C5E829E155A1000B6226 /* Build configuration list for PBXProject "Simple-ChatGPT-Client" */ = {
			isa = XCConfigurationList;
			buildConfigurations = (
				D791C5FA29E155A2000B6226 /* Debug */,
				D791C5FB29E155A2000B6226 /* Release */,
			);
			defaultConfigurationIsVisible = 0;
			defaultConfigurationName = Release;
		};
		D791C5FC29E155A2000B6226 /* Build configuration list for PBXNativeTarget "Simple-ChatGPT-Client" */ = {
			isa = XCConfigurationList;
			buildConfigurations = (
				D791C5FD29E155A2000B6226 /* Debug */,
				D791C5FE29E155A2000B6226 /* Release */,
			);
			defaultConfigurationIsVisible = 0;
			defaultConfigurationName = Release;
		};
/* End XCConfigurationList section */

/* Begin XCRemoteSwiftPackageReference section */
		D73ECF3D29E2B6BA00E84520 /* XCRemoteSwiftPackageReference "swift-markdown-ui" */ = {
			isa = XCRemoteSwiftPackageReference;
			repositoryURL = "https://github.com/gonzalezreal/swift-markdown-ui";
			requirement = {
				kind = upToNextMajorVersion;
				minimumVersion = 2.0.0;
			};
		};
		D791C60429E157F0000B6226 /* XCRemoteSwiftPackageReference "OpenAISwift" */ = {
			isa = XCRemoteSwiftPackageReference;
			repositoryURL = "https://github.com/adamrushy/OpenAISwift.git";
			requirement = {
				branch = main;
				kind = branch;
			};
		};
/* End XCRemoteSwiftPackageReference section */

/* Begin XCSwiftPackageProductDependency section */
		D73ECF3E29E2B6BA00E84520 /* MarkdownUI */ = {
			isa = XCSwiftPackageProductDependency;
			package = D73ECF3D29E2B6BA00E84520 /* XCRemoteSwiftPackageReference "swift-markdown-ui" */;
			productName = MarkdownUI;
		};
		D791C60529E157F0000B6226 /* OpenAISwift */ = {
			isa = XCSwiftPackageProductDependency;
			package = D791C60429E157F0000B6226 /* XCRemoteSwiftPackageReference "OpenAISwift" */;
			productName = OpenAISwift;
		};
/* End XCSwiftPackageProductDependency section */
	};
	rootObject = D791C5E529E155A1000B6226 /* Project object */;
}
