{
  "pins" : [
    {
      "identity" : "openaiswift",
      "kind" : "remoteSourceControl",
      "location" : "https://github.com/adamrushy/OpenAISwift.git",
      "state" : {
        "revision" : "9d708944d97d72c18bb9bd4a8e13f2279a95715c",
        "version" : "1.3.0"
      }
    }
  ],
  "version" : 2
}
