{
  "pins" : [
    {
      "identity" : "openaiswift",
      "kind" : "remoteSourceControl",
      "location" : "https://github.com/adamrushy/OpenAISwift.git",
      "state" : {
        "branch" : "main",
        "revision" : "9d708944d97d72c18bb9bd4a8e13f2279a95715c"
      }
    },
    {
      "identity" : "swift-markdown-ui",
      "kind" : "remoteSourceControl",
      "location" : "https://github.com/gonzalezreal/swift-markdown-ui",
      "state" : {
        "revision" : "4392c3cefd08db10f13ffb019d7c7a4a622824f5",
        "version" : "2.0.2"
      }
    }
  ],
  "version" : 2
}
