{
  "pins" : [
    {
      "identity" : "openaiswift",
      "kind" : "remoteSourceControl",
      "location" : "https://github.com/adamrushy/OpenAISwift.git",
      "state" : {
        "branch" : "main",
        "revision" : "9d708944d97d72c18bb9bd4a8e13f2279a95715c"
      }
    }
  ],
  "version" : 2
}
